
Microsoft Visual Studio Solution File, Format Version 12.00
# Visual Studio 2012
Project("{FAE04EC0-301F-11D3-BF4B-00C04F79EFBC}") = "ParkingLotDemo", "ParkingLotDemo\ParkingLotDemo.csproj", "{F118E4D2-B54E-4AC3-93BB-D23AA2ED0730}"
EndProject
Global
	GlobalSection(SolutionConfigurationPlatforms) = preSolution
		Debug|x86 = Debug|x86
		Release|x86 = Release|x86
	EndGlobalSection
	GlobalSection(ProjectConfigurationPlatforms) = postSolution
		{F118E4D2-B54E-4AC3-93BB-D23AA2ED0730}.Debug|x86.ActiveCfg = Debug|x86
		{F118E4D2-B54E-4AC3-93BB-D23AA2ED0730}.Debug|x86.Build.0 = Debug|x86
		{F118E4D2-B54E-4AC3-93BB-D23AA2ED0730}.Release|x86.ActiveCfg = Release|x86
		{F118E4D2-B54E-4AC3-93BB-D23AA2ED0730}.Release|x86.Build.0 = Release|x86
	EndGlobalSection
EndGlobal
